<?xml version="1.0" encoding="utf-8"?>
<Project ToolsVersion="4.0" xmlns="http://schemas.microsoft.com/developer/msbuild/2003">
  <ItemGroup>
    <Filter Include="render">
      <UniqueIdentifier>{186f09df-fe2d-4052-9938-d40276e9d2a0}</UniqueIdentifier>
    </Filter>
  </ItemGroup>
  <ItemGroup>
    <ClCompile Include="..\src\markdown.c" />
    <ClCompile Include="..\src\array.c" />
    <ClCompile Include="..\src\buffer.c" />
    <ClCompile Include="..\render\html.c">
      <Filter>render</Filter>
    </ClCompile>
    <ClCompile Include="..\render\html_smartypants.c">
      <Filter>render</Filter>
    </ClCompile>
  </ItemGroup>
  <ItemGroup>
    <ClInclude Include="..\src\markdown.h" />
    <ClInclude Include="..\src\array.h" />
    <ClInclude Include="..\src\buffer.h" />
    <ClInclude Include="..\render\html.h">
      <Filter>render</Filter>
    </ClInclude>
    <ClInclude Include="win32.h" />
  </ItemGroup>
</Project>