
Microsoft Visual Studio Solution File, Format Version 10.00
# Visual Studio 2008
Project("{8BC9CEB8-8B4A-11D0-8D11-00A0C91BC942}") = "sundown", "sundown.vcproj", "{BE47161F-589E-4725-8CB4-2FA6746F66DD}"
EndProject
Project("{8BC9CEB8-8B4A-11D0-8D11-00A0C91BC942}") = "smartypants", "smartypants.vcproj", "{2ADC3955-26A0-42D3-A82C-ED8D612913D1}"
EndProject
Project("{8BC9CEB8-8B4A-11D0-8D11-00A0C91BC942}") = "libsundown", "libsundown.vcproj", "{DB903D0E-160A-447B-B41B-9FADBBEB0447}"
EndProject
Global
	GlobalSection(SolutionConfigurationPlatforms) = preSolution
		Debug|Win32 = Debug|Win32
		DebugDll|Win32 = DebugDll|Win32
		Release|Win32 = Release|Win32
		ReleaseDll|Win32 = ReleaseDll|Win32
	EndGlobalSection
	GlobalSection(ProjectConfigurationPlatforms) = postSolution
		{BE47161F-589E-4725-8CB4-2FA6746F66DD}.Debug|Win32.ActiveCfg = Debug|Win32
		{BE47161F-589E-4725-8CB4-2FA6746F66DD}.Debug|Win32.Build.0 = Debug|Win32
		{BE47161F-589E-4725-8CB4-2FA6746F66DD}.DebugDll|Win32.ActiveCfg = Debug|Win32
		{BE47161F-589E-4725-8CB4-2FA6746F66DD}.Release|Win32.ActiveCfg = Release|Win32
		{BE47161F-589E-4725-8CB4-2FA6746F66DD}.Release|Win32.Build.0 = Release|Win32
		{BE47161F-589E-4725-8CB4-2FA6746F66DD}.ReleaseDll|Win32.ActiveCfg = Release|Win32
		{2ADC3955-26A0-42D3-A82C-ED8D612913D1}.Debug|Win32.ActiveCfg = Debug|Win32
		{2ADC3955-26A0-42D3-A82C-ED8D612913D1}.Debug|Win32.Build.0 = Debug|Win32
		{2ADC3955-26A0-42D3-A82C-ED8D612913D1}.DebugDll|Win32.ActiveCfg = Debug|Win32
		{2ADC3955-26A0-42D3-A82C-ED8D612913D1}.Release|Win32.ActiveCfg = Release|Win32
		{2ADC3955-26A0-42D3-A82C-ED8D612913D1}.Release|Win32.Build.0 = Release|Win32
		{2ADC3955-26A0-42D3-A82C-ED8D612913D1}.ReleaseDll|Win32.ActiveCfg = Release|Win32
		{DB903D0E-160A-447B-B41B-9FADBBEB0447}.Debug|Win32.ActiveCfg = Debug|Win32
		{DB903D0E-160A-447B-B41B-9FADBBEB0447}.Debug|Win32.Build.0 = Debug|Win32
		{DB903D0E-160A-447B-B41B-9FADBBEB0447}.DebugDll|Win32.ActiveCfg = DebugDll|Win32
		{DB903D0E-160A-447B-B41B-9FADBBEB0447}.DebugDll|Win32.Build.0 = DebugDll|Win32
		{DB903D0E-160A-447B-B41B-9FADBBEB0447}.Release|Win32.ActiveCfg = Release|Win32
		{DB903D0E-160A-447B-B41B-9FADBBEB0447}.Release|Win32.Build.0 = Release|Win32
		{DB903D0E-160A-447B-B41B-9FADBBEB0447}.ReleaseDll|Win32.ActiveCfg = ReleaseDll|Win32
		{DB903D0E-160A-447B-B41B-9FADBBEB0447}.ReleaseDll|Win32.Build.0 = ReleaseDll|Win32
	EndGlobalSection
	GlobalSection(SolutionProperties) = preSolution
		HideSolutionNode = FALSE
	EndGlobalSection
EndGlobal
